
Microsoft Visual Studio Solution File, Format Version 12.00
# Visual Studio 15
VisualStudioVersion = 15.0.28307.1259
MinimumVisualStudioVersion = 10.0.40219.1
Project("{FAE04EC0-301F-11D3-BF4B-00C04F79EFBC}") = "SalesWebMVC", "SalesWebMVC\SalesWebMVC.csproj", "{BE9BC0BA-30F3-49AD-9188-B4EA05D23A77}"
EndProject
Global
	GlobalSection(SolutionConfigurationPlatforms) = preSolution
		Debug|Any CPU = Debug|Any CPU
		Release|Any CPU = Release|Any CPU
	EndGlobalSection
	GlobalSection(ProjectConfigurationPlatforms) = postSolution
		{BE9BC0BA-30F3-49AD-9188-B4EA05D23A77}.Debug|Any CPU.ActiveCfg = Debug|Any CPU
		{BE9BC0BA-30F3-49AD-9188-B4EA05D23A77}.Debug|Any CPU.Build.0 = Debug|Any CPU
		{BE9BC0BA-30F3-49AD-9188-B4EA05D23A77}.Release|Any CPU.ActiveCfg = Release|Any CPU
		{BE9BC0BA-30F3-49AD-9188-B4EA05D23A77}.Release|Any CPU.Build.0 = Release|Any CPU
	EndGlobalSection
	GlobalSection(SolutionProperties) = preSolution
		HideSolutionNode = FALSE
	EndGlobalSection
	GlobalSection(ExtensibilityGlobals) = postSolution
		SolutionGuid = {8A8A6D10-9FEB-4EEA-B534-F3DD1456A1BA}
	EndGlobalSection
EndGlobal
